
Microsoft Visual Studio Solution File, Format Version 12.00
# Visual Studio Version 17
VisualStudioVersion = 17.9.34607.119
MinimumVisualStudioVersion = 10.0.40219.1
Project("{2150E333-8FDC-42A3-9474-1A3956D46DE8}") = "Core", "Core", "{E15C9E1F-5547-43EF-9A6B-8503A7BF75C2}"
EndProject
Project("{FAE04EC0-301F-11D3-BF4B-00C04F79EFBC}") = "E-Commerce.Domain", "Core\E-Commerce.Domain\E-Commerce.Domain.csproj", "{D55A5195-AE42-4037-B564-D956157AA981}"
EndProject
Project("{FAE04EC0-301F-11D3-BF4B-00C04F79EFBC}") = "E-Commerce.Application", "Core\E-Commerce.Application\E-Commerce.Application.csproj", "{E331D2F1-B99A-4638-B208-E398A05A0F02}"
EndProject
Project("{2150E333-8FDC-42A3-9474-1A3956D46DE8}") = "Infrastructure", "Infrastructure", "{42813FF4-2C69-4BC9-A6FE-113D402F69FE}"
EndProject
Project("{FAE04EC0-301F-11D3-BF4B-00C04F79EFBC}") = "E-Commerce.Infrastructure", "Infrastructure\E-Commerce.Infrastructure\E-Commerce.Infrastructure.csproj", "{21FBE3E2-AA08-4687-B931-624031705128}"
EndProject
Project("{FAE04EC0-301F-11D3-BF4B-00C04F79EFBC}") = "E-Commerce.Persistence", "Infrastructure\E-Commerce.Persistence\E-Commerce.Persistence.csproj", "{E462353D-79A9-4769-B157-3E303F291D93}"
EndProject
Project("{2150E333-8FDC-42A3-9474-1A3956D46DE8}") = "Presentation", "Presentation", "{DE7CF31F-D54F-4DFF-8D87-20469480A385}"
EndProject
Project("{FAE04EC0-301F-11D3-BF4B-00C04F79EFBC}") = "E-Commerce.WebAPI", "Presentation\E-Commerce.WebAPI\E-Commerce.WebAPI.csproj", "{C96CDAF8-6621-454D-A2C3-800665A80718}"
EndProject
Global
	GlobalSection(SolutionConfigurationPlatforms) = preSolution
		Debug|Any CPU = Debug|Any CPU
		Release|Any CPU = Release|Any CPU
	EndGlobalSection
	GlobalSection(ProjectConfigurationPlatforms) = postSolution
		{D55A5195-AE42-4037-B564-D956157AA981}.Debug|Any CPU.ActiveCfg = Debug|Any CPU
		{D55A5195-AE42-4037-B564-D956157AA981}.Debug|Any CPU.Build.0 = Debug|Any CPU
		{D55A5195-AE42-4037-B564-D956157AA981}.Release|Any CPU.ActiveCfg = Release|Any CPU
		{D55A5195-AE42-4037-B564-D956157AA981}.Release|Any CPU.Build.0 = Release|Any CPU
		{E331D2F1-B99A-4638-B208-E398A05A0F02}.Debug|Any CPU.ActiveCfg = Debug|Any CPU
		{E331D2F1-B99A-4638-B208-E398A05A0F02}.Debug|Any CPU.Build.0 = Debug|Any CPU
		{E331D2F1-B99A-4638-B208-E398A05A0F02}.Release|Any CPU.ActiveCfg = Release|Any CPU
		{E331D2F1-B99A-4638-B208-E398A05A0F02}.Release|Any CPU.Build.0 = Release|Any CPU
		{21FBE3E2-AA08-4687-B931-624031705128}.Debug|Any CPU.ActiveCfg = Debug|Any CPU
		{21FBE3E2-AA08-4687-B931-624031705128}.Debug|Any CPU.Build.0 = Debug|Any CPU
		{21FBE3E2-AA08-4687-B931-624031705128}.Release|Any CPU.ActiveCfg = Release|Any CPU
		{21FBE3E2-AA08-4687-B931-624031705128}.Release|Any CPU.Build.0 = Release|Any CPU
		{E462353D-79A9-4769-B157-3E303F291D93}.Debug|Any CPU.ActiveCfg = Debug|Any CPU
		{E462353D-79A9-4769-B157-3E303F291D93}.Debug|Any CPU.Build.0 = Debug|Any CPU
		{E462353D-79A9-4769-B157-3E303F291D93}.Release|Any CPU.ActiveCfg = Release|Any CPU
		{E462353D-79A9-4769-B157-3E303F291D93}.Release|Any CPU.Build.0 = Release|Any CPU
		{C96CDAF8-6621-454D-A2C3-800665A80718}.Debug|Any CPU.ActiveCfg = Debug|Any CPU
		{C96CDAF8-6621-454D-A2C3-800665A80718}.Debug|Any CPU.Build.0 = Debug|Any CPU
		{C96CDAF8-6621-454D-A2C3-800665A80718}.Release|Any CPU.ActiveCfg = Release|Any CPU
		{C96CDAF8-6621-454D-A2C3-800665A80718}.Release|Any CPU.Build.0 = Release|Any CPU
	EndGlobalSection
	GlobalSection(SolutionProperties) = preSolution
		HideSolutionNode = FALSE
	EndGlobalSection
	GlobalSection(NestedProjects) = preSolution
		{D55A5195-AE42-4037-B564-D956157AA981} = {E15C9E1F-5547-43EF-9A6B-8503A7BF75C2}
		{E331D2F1-B99A-4638-B208-E398A05A0F02} = {E15C9E1F-5547-43EF-9A6B-8503A7BF75C2}
		{21FBE3E2-AA08-4687-B931-624031705128} = {42813FF4-2C69-4BC9-A6FE-113D402F69FE}
		{E462353D-79A9-4769-B157-3E303F291D93} = {42813FF4-2C69-4BC9-A6FE-113D402F69FE}
		{C96CDAF8-6621-454D-A2C3-800665A80718} = {DE7CF31F-D54F-4DFF-8D87-20469480A385}
	EndGlobalSection
	GlobalSection(ExtensibilityGlobals) = postSolution
		SolutionGuid = {6829E2B5-E64E-4011-95A6-92E6748AB76C}
	EndGlobalSection
EndGlobal
